
Microsoft Visual Studio Solution File, Format Version 12.00
# Visual Studio Version 17
VisualStudioVersion = 17.9.34728.123
MinimumVisualStudioVersion = 10.0.40219.1
Project("{FAE04EC0-301F-11D3-BF4B-00C04F79EFBC}") = "AssignmentWebApplication", "AssignmentWebApplication.csproj", "{4A2E2478-389F-4DBE-ABB1-02900D17BF3C}"
EndProject
Global
	GlobalSection(SolutionConfigurationPlatforms) = preSolution
		Debug|Any CPU = Debug|Any CPU
		Release|Any CPU = Release|Any CPU
	EndGlobalSection
	GlobalSection(ProjectConfigurationPlatforms) = postSolution
		{4A2E2478-389F-4DBE-ABB1-02900D17BF3C}.Debug|Any CPU.ActiveCfg = Debug|Any CPU
		{4A2E2478-389F-4DBE-ABB1-02900D17BF3C}.Debug|Any CPU.Build.0 = Debug|Any CPU
		{4A2E2478-389F-4DBE-ABB1-02900D17BF3C}.Release|Any CPU.ActiveCfg = Release|Any CPU
		{4A2E2478-389F-4DBE-ABB1-02900D17BF3C}.Release|Any CPU.Build.0 = Release|Any CPU
	EndGlobalSection
	GlobalSection(SolutionProperties) = preSolution
		HideSolutionNode = FALSE
	EndGlobalSection
	GlobalSection(ExtensibilityGlobals) = postSolution
		SolutionGuid = {F7C3FD88-764F-4C05-897B-BE1C57A437F5}
	EndGlobalSection
EndGlobal
